# This file is automatically @generated by Cargo.
# It is not intended for manual editing.
version = 4

[[package]]
name = "sansavrm-core"
version = "0.1.0"

[[package]]
name = "sansavrm-gltf"
version = "0.1.0"

[[package]]
name = "sansavrm-urdf"
version = "0.1.0"

[[package]]
name = "sansavrm-validator"
version = "0.1.0"

[[package]]
name = "sansavrm-vrm"
version = "0.1.0"
